
Microsoft Visual Studio Solution File, Format Version 12.00
# Visual Studio 15
VisualStudioVersion = 15.0.28307.1082
MinimumVisualStudioVersion = 10.0.40219.1
Project("{FAE04EC0-301F-11D3-BF4B-00C04F79EFBC}") = "BSCM", "BSCM.csproj", "{7F0D9D03-EFAF-42CA-B802-A65CC2904921}"
EndProject
Project("{2150E333-8FDC-42A3-9474-1A3956D46DE8}") = "Supporting Files", "Supporting Files", "{0FEC1AE5-AFD6-4E18-BC90-CCD603C8ADB6}"
	ProjectSection(SolutionItems) = preProject
		LICENSE = LICENSE
		README.md = README.md
	EndProjectSection
EndProject
Project("{FAE04EC0-301F-11D3-BF4B-00C04F79EFBC}") = "BSCMServer", "BSCMServer\BSCMServer.csproj", "{82054285-BDE2-48F3-BFA9-D84C07281E34}"
EndProject
Global
	GlobalSection(SolutionConfigurationPlatforms) = preSolution
		Debug|Any CPU = Debug|Any CPU
		Plugin|Any CPU = Plugin|Any CPU
		Release|Any CPU = Release|Any CPU
	EndGlobalSection
	GlobalSection(ProjectConfigurationPlatforms) = postSolution
		{7F0D9D03-EFAF-42CA-B802-A65CC2904921}.Debug|Any CPU.ActiveCfg = Plugin|Any CPU
		{7F0D9D03-EFAF-42CA-B802-A65CC2904921}.Debug|Any CPU.Build.0 = Plugin|Any CPU
		{7F0D9D03-EFAF-42CA-B802-A65CC2904921}.Plugin|Any CPU.ActiveCfg = Plugin|Any CPU
		{7F0D9D03-EFAF-42CA-B802-A65CC2904921}.Plugin|Any CPU.Build.0 = Plugin|Any CPU
		{7F0D9D03-EFAF-42CA-B802-A65CC2904921}.Release|Any CPU.ActiveCfg = Plugin|Any CPU
		{7F0D9D03-EFAF-42CA-B802-A65CC2904921}.Release|Any CPU.Build.0 = Plugin|Any CPU
		{82054285-BDE2-48F3-BFA9-D84C07281E34}.Debug|Any CPU.ActiveCfg = Debug|Any CPU
		{82054285-BDE2-48F3-BFA9-D84C07281E34}.Debug|Any CPU.Build.0 = Debug|Any CPU
		{82054285-BDE2-48F3-BFA9-D84C07281E34}.Plugin|Any CPU.ActiveCfg = Release|Any CPU
		{82054285-BDE2-48F3-BFA9-D84C07281E34}.Plugin|Any CPU.Build.0 = Release|Any CPU
		{82054285-BDE2-48F3-BFA9-D84C07281E34}.Release|Any CPU.ActiveCfg = Release|Any CPU
		{82054285-BDE2-48F3-BFA9-D84C07281E34}.Release|Any CPU.Build.0 = Release|Any CPU
	EndGlobalSection
	GlobalSection(SolutionProperties) = preSolution
		HideSolutionNode = FALSE
	EndGlobalSection
	GlobalSection(ExtensibilityGlobals) = postSolution
		SolutionGuid = {B31C1CB7-AE6E-48C2-BEAD-BBB30D7A627D}
	EndGlobalSection
EndGlobal
